PODS:
  - lottie-ios (3.3.0)
  - Realm (10.22.0):
    - Realm/Headers (= 10.22.0)
  - Realm/Headers (10.22.0)
  - RealmSwift (10.22.0):
    - Realm (= 10.22.0)

DEPENDENCIES:
  - lottie-ios
  - RealmSwift (~> 10)

SPEC REPOS:
  trunk:
    - lottie-ios
    - Realm
    - RealmSwift

SPEC CHECKSUMS:
  lottie-ios: 6ac74dcc09904798f59b18cb3075c089d76be9ae
  Realm: d9e4e5877095a6722145811f56fe89a531c9659d
  RealmSwift: e4191b4b957fcfcbed23751ec65eec98f8173ab5

PODFILE CHECKSUM: b1cabced0653cd78340aa12bf390a14788648834

COCOAPODS: 1.11.2
